
Microsoft Visual Studio Solution File, Format Version 12.00
# Visual Studio Version 17
VisualStudioVersion = 17.11.35327.3
MinimumVisualStudioVersion = 10.0.40219.1
Project("{FAE04EC0-301F-11D3-BF4B-00C04F79EFBC}") = "StudentManagementSystem", "StudentManagementSystem\StudentManagementSystem.csproj", "{2778380A-05CF-4E2A-BFBC-17991CE3541D}"
EndProject
Global
	GlobalSection(SolutionConfigurationPlatforms) = preSolution
		Debug|Any CPU = Debug|Any CPU
		Release|Any CPU = Release|Any CPU
	EndGlobalSection
	GlobalSection(ProjectConfigurationPlatforms) = postSolution
		{2778380A-05CF-4E2A-BFBC-17991CE3541D}.Debug|Any CPU.ActiveCfg = Debug|Any CPU
		{2778380A-05CF-4E2A-BFBC-17991CE3541D}.Debug|Any CPU.Build.0 = Debug|Any CPU
		{2778380A-05CF-4E2A-BFBC-17991CE3541D}.Release|Any CPU.ActiveCfg = Release|Any CPU
		{2778380A-05CF-4E2A-BFBC-17991CE3541D}.Release|Any CPU.Build.0 = Release|Any CPU
	EndGlobalSection
	GlobalSection(SolutionProperties) = preSolution
		HideSolutionNode = FALSE
	EndGlobalSection
	GlobalSection(ExtensibilityGlobals) = postSolution
		SolutionGuid = {33126136-D949-49C9-A3DA-991DFEFFDEA8}
	EndGlobalSection
EndGlobal
